{
  "nodes": {
    "attack-control-framework-mappings": {
      "flake": false,
      "locked": {
        "lastModified": 1646747853,
        "narHash": "sha256-fbXMkUQEjgFUhHqhKtwnCG2z8ZmSTEyYiS67BkpM1e8=",
        "owner": "center-for-threat-informed-defense",
        "repo": "attack-control-framework-mappings",
        "rev": "5dd417fd69d17a60dc0b893dbef630f357f9ee36",
        "type": "github"
      },
      "original": {
        "owner": "center-for-threat-informed-defense",
        "repo": "attack-control-framework-mappings",
        "type": "github"
      }
    },
    "attack-flow": {
      "flake": false,
      "locked": {
        "lastModified": 1653063591,
        "narHash": "sha256-wGnAksmZumwkXbJPGkS23L/HqLb8QqDMAWU8JH9vnq8=",
        "owner": "center-for-threat-informed-defense",
        "repo": "attack-flow",
        "rev": "93a39a29edca19be979f1a8df4b95564bba49e8d",
        "type": "github"
      },
      "original": {
        "owner": "center-for-threat-informed-defense",
        "repo": "attack-flow",
        "type": "github"
      }
    },
    "root": {
      "inputs": {
        "attack-control-framework-mappings": "attack-control-framework-mappings",
        "attack-flow": "attack-flow"
      }
    }
  },
  "root": "root",
  "version": 7
}
